
Microsoft Visual Studio Solution File, Format Version 12.00
# Visual Studio Version 17
VisualStudioVersion = 17.4.33403.182
MinimumVisualStudioVersion = 10.0.40219.1
Project("{9A19103F-16F7-4668-BE54-9A1E7A4F7556}") = "ChallengeApp", "ChallengeApp\ChallengeApp.csproj", "{F6BAB763-C5EF-425D-8BE9-50AD8FD34C85}"
EndProject
Project("{FAE04EC0-301F-11D3-BF4B-00C04F79EFBC}") = "ChallengeApp.Tests", "ChallengeApp.Tests\ChallengeApp.Tests.csproj", "{B1D781B8-7D65-457B-82C9-ED44F87D2ECE}"
EndProject
Global
	GlobalSection(SolutionConfigurationPlatforms) = preSolution
		Debug|Any CPU = Debug|Any CPU
		Release|Any CPU = Release|Any CPU
	EndGlobalSection
	GlobalSection(ProjectConfigurationPlatforms) = postSolution
		{F6BAB763-C5EF-425D-8BE9-50AD8FD34C85}.Debug|Any CPU.ActiveCfg = Debug|Any CPU
		{F6BAB763-C5EF-425D-8BE9-50AD8FD34C85}.Debug|Any CPU.Build.0 = Debug|Any CPU
		{F6BAB763-C5EF-425D-8BE9-50AD8FD34C85}.Release|Any CPU.ActiveCfg = Release|Any CPU
		{F6BAB763-C5EF-425D-8BE9-50AD8FD34C85}.Release|Any CPU.Build.0 = Release|Any CPU
		{B1D781B8-7D65-457B-82C9-ED44F87D2ECE}.Debug|Any CPU.ActiveCfg = Debug|Any CPU
		{B1D781B8-7D65-457B-82C9-ED44F87D2ECE}.Debug|Any CPU.Build.0 = Debug|Any CPU
		{B1D781B8-7D65-457B-82C9-ED44F87D2ECE}.Release|Any CPU.ActiveCfg = Release|Any CPU
		{B1D781B8-7D65-457B-82C9-ED44F87D2ECE}.Release|Any CPU.Build.0 = Release|Any CPU
	EndGlobalSection
	GlobalSection(SolutionProperties) = preSolution
		HideSolutionNode = FALSE
	EndGlobalSection
	GlobalSection(ExtensibilityGlobals) = postSolution
		SolutionGuid = {22B041D9-A0F1-4C13-B5E8-7C71921742E9}
	EndGlobalSection
EndGlobal
